
Microsoft Visual Studio Solution File, Format Version 12.00
# Visual Studio Version 16
VisualStudioVersion = 16.0.32228.343
MinimumVisualStudioVersion = 10.0.40219.1
Project("{FAE04EC0-301F-11D3-BF4B-00C04F79EFBC}") = "CizgiLogo", "CizgiLogo\CizgiLogo.csproj", "{A15D860E-9C06-4BCE-9D51-B08F7C26845D}"
EndProject
Global
	GlobalSection(SolutionConfigurationPlatforms) = preSolution
		Debug|Any CPU = Debug|Any CPU
		Release|Any CPU = Release|Any CPU
	EndGlobalSection
	GlobalSection(ProjectConfigurationPlatforms) = postSolution
		{A15D860E-9C06-4BCE-9D51-B08F7C26845D}.Debug|Any CPU.ActiveCfg = Debug|Any CPU
		{A15D860E-9C06-4BCE-9D51-B08F7C26845D}.Debug|Any CPU.Build.0 = Debug|Any CPU
		{A15D860E-9C06-4BCE-9D51-B08F7C26845D}.Release|Any CPU.ActiveCfg = Release|Any CPU
		{A15D860E-9C06-4BCE-9D51-B08F7C26845D}.Release|Any CPU.Build.0 = Release|Any CPU
	EndGlobalSection
	GlobalSection(SolutionProperties) = preSolution
		HideSolutionNode = FALSE
	EndGlobalSection
	GlobalSection(ExtensibilityGlobals) = postSolution
		SolutionGuid = {8CE6FBF6-47FC-4E9C-925F-3F33725EAC35}
	EndGlobalSection
EndGlobal
